
Microsoft Visual Studio Solution File, Format Version 12.00
# Visual Studio Version 17
VisualStudioVersion = 17.6.33815.320
MinimumVisualStudioVersion = 10.0.40219.1
Project("{FAE04EC0-301F-11D3-BF4B-00C04F79EFBC}") = "CleanMovie.Domain", "CleanMovie.Domain\CleanMovie.Domain.csproj", "{381932AA-0942-4015-852C-0389C8A8627D}"
EndProject
Project("{FAE04EC0-301F-11D3-BF4B-00C04F79EFBC}") = "CleanMovie.Application", "CleanMovie.Application\CleanMovie.Application.csproj", "{DF282B6C-1046-4991-B976-D9190219AA2E}"
EndProject
Project("{FAE04EC0-301F-11D3-BF4B-00C04F79EFBC}") = "CleanMovie.Infrastructure", "CleanMovie.Infrastructure\CleanMovie.Infrastructure.csproj", "{617FA074-8220-45A5-A9D5-EABEE46E036F}"
EndProject
Project("{FAE04EC0-301F-11D3-BF4B-00C04F79EFBC}") = "CleanMovie.API", "CleanMovie.API\CleanMovie.API.csproj", "{5E8706AC-D503-478E-8329-FB0CE25B25AE}"
EndProject
Global
	GlobalSection(SolutionConfigurationPlatforms) = preSolution
		Debug|Any CPU = Debug|Any CPU
		Release|Any CPU = Release|Any CPU
	EndGlobalSection
	GlobalSection(ProjectConfigurationPlatforms) = postSolution
		{381932AA-0942-4015-852C-0389C8A8627D}.Debug|Any CPU.ActiveCfg = Debug|Any CPU
		{381932AA-0942-4015-852C-0389C8A8627D}.Debug|Any CPU.Build.0 = Debug|Any CPU
		{381932AA-0942-4015-852C-0389C8A8627D}.Release|Any CPU.ActiveCfg = Release|Any CPU
		{381932AA-0942-4015-852C-0389C8A8627D}.Release|Any CPU.Build.0 = Release|Any CPU
		{DF282B6C-1046-4991-B976-D9190219AA2E}.Debug|Any CPU.ActiveCfg = Debug|Any CPU
		{DF282B6C-1046-4991-B976-D9190219AA2E}.Debug|Any CPU.Build.0 = Debug|Any CPU
		{DF282B6C-1046-4991-B976-D9190219AA2E}.Release|Any CPU.ActiveCfg = Release|Any CPU
		{DF282B6C-1046-4991-B976-D9190219AA2E}.Release|Any CPU.Build.0 = Release|Any CPU
		{617FA074-8220-45A5-A9D5-EABEE46E036F}.Debug|Any CPU.ActiveCfg = Debug|Any CPU
		{617FA074-8220-45A5-A9D5-EABEE46E036F}.Debug|Any CPU.Build.0 = Debug|Any CPU
		{617FA074-8220-45A5-A9D5-EABEE46E036F}.Release|Any CPU.ActiveCfg = Release|Any CPU
		{617FA074-8220-45A5-A9D5-EABEE46E036F}.Release|Any CPU.Build.0 = Release|Any CPU
		{5E8706AC-D503-478E-8329-FB0CE25B25AE}.Debug|Any CPU.ActiveCfg = Debug|Any CPU
		{5E8706AC-D503-478E-8329-FB0CE25B25AE}.Debug|Any CPU.Build.0 = Debug|Any CPU
		{5E8706AC-D503-478E-8329-FB0CE25B25AE}.Release|Any CPU.ActiveCfg = Release|Any CPU
		{5E8706AC-D503-478E-8329-FB0CE25B25AE}.Release|Any CPU.Build.0 = Release|Any CPU
	EndGlobalSection
	GlobalSection(SolutionProperties) = preSolution
		HideSolutionNode = FALSE
	EndGlobalSection
	GlobalSection(ExtensibilityGlobals) = postSolution
		SolutionGuid = {8576E452-C196-4BE6-924D-83363B7ED09A}
	EndGlobalSection
EndGlobal
